
Microsoft Visual Studio Solution File, Format Version 12.00
# Visual Studio 2013
VisualStudioVersion = 12.0.21005.1
MinimumVisualStudioVersion = 10.0.40219.1
Project("{8BC9CEB8-8B4A-11D0-8D11-00A0C91BC942}") = "jsvor", "lib\jsvor.vcxproj", "{0E1E1A18-78DC-4749-8921-99B3CC42D1DC}"
EndProject
Project("{8BC9CEB8-8B4A-11D0-8D11-00A0C91BC942}") = "tests", "tests\tests.vcxproj", "{478E4ED7-D8CB-470E-9813-699ADF7B1146}"
EndProject
Project("{8BC9CEB8-8B4A-11D0-8D11-00A0C91BC942}") = "perftests", "perftests\perftests.vcxproj", "{851205D0-5000-47D4-A112-04A2E4C8041A}"
EndProject
Project("{8BC9CEB8-8B4A-11D0-8D11-00A0C91BC942}") = "tests_common", "tests_common\tests_common.vcxproj", "{3BC33375-EE7A-4B76-A736-F8A8C48B04A3}"
EndProject
Global
	GlobalSection(SolutionConfigurationPlatforms) = preSolution
		Debug|Win32 = Debug|Win32
		Release|Win32 = Release|Win32
	EndGlobalSection
	GlobalSection(ProjectConfigurationPlatforms) = postSolution
		{0E1E1A18-78DC-4749-8921-99B3CC42D1DC}.Debug|Win32.ActiveCfg = Debug|Win32
		{0E1E1A18-78DC-4749-8921-99B3CC42D1DC}.Debug|Win32.Build.0 = Debug|Win32
		{0E1E1A18-78DC-4749-8921-99B3CC42D1DC}.Release|Win32.ActiveCfg = Release|Win32
		{0E1E1A18-78DC-4749-8921-99B3CC42D1DC}.Release|Win32.Build.0 = Release|Win32
		{478E4ED7-D8CB-470E-9813-699ADF7B1146}.Debug|Win32.ActiveCfg = Debug|Win32
		{478E4ED7-D8CB-470E-9813-699ADF7B1146}.Debug|Win32.Build.0 = Debug|Win32
		{478E4ED7-D8CB-470E-9813-699ADF7B1146}.Release|Win32.ActiveCfg = Release|Win32
		{478E4ED7-D8CB-470E-9813-699ADF7B1146}.Release|Win32.Build.0 = Release|Win32
		{851205D0-5000-47D4-A112-04A2E4C8041A}.Debug|Win32.ActiveCfg = Debug|Win32
		{851205D0-5000-47D4-A112-04A2E4C8041A}.Debug|Win32.Build.0 = Debug|Win32
		{851205D0-5000-47D4-A112-04A2E4C8041A}.Release|Win32.ActiveCfg = Release|Win32
		{851205D0-5000-47D4-A112-04A2E4C8041A}.Release|Win32.Build.0 = Release|Win32
		{3BC33375-EE7A-4B76-A736-F8A8C48B04A3}.Debug|Win32.ActiveCfg = Debug|Win32
		{3BC33375-EE7A-4B76-A736-F8A8C48B04A3}.Debug|Win32.Build.0 = Debug|Win32
		{3BC33375-EE7A-4B76-A736-F8A8C48B04A3}.Release|Win32.ActiveCfg = Release|Win32
		{3BC33375-EE7A-4B76-A736-F8A8C48B04A3}.Release|Win32.Build.0 = Release|Win32
	EndGlobalSection
	GlobalSection(SolutionProperties) = preSolution
		HideSolutionNode = FALSE
	EndGlobalSection
	GlobalSection(Performance) = preSolution
		HasPerformanceSessions = true
	EndGlobalSection
EndGlobal
